
Microsoft Visual Studio Solution File, Format Version 12.00
# Visual Studio Version 17
VisualStudioVersion = 17.4.33205.214
MinimumVisualStudioVersion = 10.0.40219.1
Project("{FAE04EC0-301F-11D3-BF4B-00C04F79EFBC}") = "chungju", "chungju.csproj", "{F797C05D-193E-46CB-A8A2-070B0994272E}"
EndProject
Global
	GlobalSection(SolutionConfigurationPlatforms) = preSolution
		Debug|Any CPU = Debug|Any CPU
		Release|Any CPU = Release|Any CPU
	EndGlobalSection
	GlobalSection(ProjectConfigurationPlatforms) = postSolution
		{F797C05D-193E-46CB-A8A2-070B0994272E}.Debug|Any CPU.ActiveCfg = Debug|Any CPU
		{F797C05D-193E-46CB-A8A2-070B0994272E}.Debug|Any CPU.Build.0 = Debug|Any CPU
		{F797C05D-193E-46CB-A8A2-070B0994272E}.Release|Any CPU.ActiveCfg = Release|Any CPU
		{F797C05D-193E-46CB-A8A2-070B0994272E}.Release|Any CPU.Build.0 = Release|Any CPU
	EndGlobalSection
	GlobalSection(SolutionProperties) = preSolution
		HideSolutionNode = FALSE
	EndGlobalSection
	GlobalSection(ExtensibilityGlobals) = postSolution
		SolutionGuid = {0651B6F3-BC3D-4B43-8F48-282844E4C9D2}
	EndGlobalSection
EndGlobal
